// !$*UTF8*$!
{
	archiveVersion = 1;
	classes = {
	};
	objectVersion = 48;
	objects = {

/* Begin PBXBuildFile section */
		876C0885206BFF5500974FF2 /* AppDelegate.swift in Sources */ = {isa = PBXBuildFile; fileRef = 876C0884206BFF5500974FF2 /* AppDelegate.swift */; };
		876C0887206BFF5500974FF2 /* ViewController.swift in Sources */ = {isa = PBXBuildFile; fileRef = 876C0886206BFF5500974FF2 /* ViewController.swift */; };
		876C088A206BFF5500974FF2 /* Main.storyboard in Resources */ = {isa = PBXBuildFile; fileRef = 876C0888206BFF5500974FF2 /* Main.storyboard */; };
		876C088C206BFF5500974FF2 /* Assets.xcassets in Resources */ = {isa = PBXBuildFile; fileRef = 876C088B206BFF5500974FF2 /* Assets.xcassets */; };
		876C088F206BFF5500974FF2 /* LaunchScreen.storyboard in Resources */ = {isa = PBXBuildFile; fileRef = 876C088D206BFF5500974FF2 /* LaunchScreen.storyboard */; };
		876C0897206CED7900974FF2 /* PhotoInfo.swift in Sources */ = {isa = PBXBuildFile; fileRef = 876C0896206CED7900974FF2 /* PhotoInfo.swift */; };
		876C0899206CFC2200974FF2 /* URL+Helpers.swift in Sources */ = {isa = PBXBuildFile; fileRef = 876C0898206CFC2200974FF2 /* URL+Helpers.swift */; };
		87F1DC6A206D0376007170B5 /* PhotoInfoController.swift in Sources */ = {isa = PBXBuildFile; fileRef = 87F1DC69206D0376007170B5 /* PhotoInfoController.swift */; };
/* End PBXBuildFile section */

/* Begin PBXFileReference section */
		876C0881206BFF5500974FF2 /* SpacePhoto.app */ = {isa = PBXFileReference; explicitFileType = wrapper.application; includeInIndex = 0; path = SpacePhoto.app; sourceTree = BUILT_PRODUCTS_DIR; };
		876C0884206BFF5500974FF2 /* AppDelegate.swift */ = {isa = PBXFileReference; lastKnownFileType = sourcecode.swift; path = AppDelegate.swift; sourceTree = "<group>"; };
		876C0886206BFF5500974FF2 /* ViewController.swift */ = {isa = PBXFileReference; lastKnownFileType = sourcecode.swift; path = ViewController.swift; sourceTree = "<group>"; };
		876C0889206BFF5500974FF2 /* Base */ = {isa = PBXFileReference; lastKnownFileType = file.storyboard; name = Base; path = Base.lproj/Main.storyboard; sourceTree = "<group>"; };
		876C088B206BFF5500974FF2 /* Assets.xcassets */ = {isa = PBXFileReference; lastKnownFileType = folder.assetcatalog; path = Assets.xcassets; sourceTree = "<group>"; };
		876C088E206BFF5500974FF2 /* Base */ = {isa = PBXFileReference; lastKnownFileType = file.storyboard; name = Base; path = Base.lproj/LaunchScreen.storyboard; sourceTree = "<group>"; };
		876C0890206BFF5500974FF2 /* Info.plist */ = {isa = PBXFileReference; lastKnownFileType = text.plist.xml; path = Info.plist; sourceTree = "<group>"; };
		876C0896206CED7900974FF2 /* PhotoInfo.swift */ = {isa = PBXFileReference; lastKnownFileType = sourcecode.swift; path = PhotoInfo.swift; sourceTree = "<group>"; };
		876C0898206CFC2200974FF2 /* URL+Helpers.swift */ = {isa = PBXFileReference; lastKnownFileType = sourcecode.swift; path = "URL+Helpers.swift"; sourceTree = "<group>"; };
		87F1DC69206D0376007170B5 /* PhotoInfoController.swift */ = {isa = PBXFileReference; lastKnownFileType = sourcecode.swift; path = PhotoInfoController.swift; sourceTree = "<group>"; };
/* End PBXFileReference section */

/* Begin PBXFrameworksBuildPhase section */
		876C087E206BFF5500974FF2 /* Frameworks */ = {
			isa = PBXFrameworksBuildPhase;
			buildActionMask = 2147483647;
			files = (
			);
			runOnlyForDeploymentPostprocessing = 0;
		};
/* End PBXFrameworksBuildPhase section */

/* Begin PBXGroup section */
		876C0878206BFF5500974FF2 = {
			isa = PBXGroup;
			children = (
				876C0883206BFF5500974FF2 /* SpacePhoto */,
				876C0882206BFF5500974FF2 /* Products */,
			);
			sourceTree = "<group>";
		};
		876C0882206BFF5500974FF2 /* Products */ = {
			isa = PBXGroup;
			children = (
				876C0881206BFF5500974FF2 /* SpacePhoto.app */,
			);
			name = Products;
			sourceTree = "<group>";
		};
		876C0883206BFF5500974FF2 /* SpacePhoto */ = {
			isa = PBXGroup;
			children = (
				87F1DC66206D02C9007170B5 /* Model */,
				87F1DC67206D02E5007170B5 /* Controller */,
				87F1DC6B206D136F007170B5 /* Service */,
				87F1DC68206D0310007170B5 /* Utility */,
				876C0884206BFF5500974FF2 /* AppDelegate.swift */,
				876C0888206BFF5500974FF2 /* Main.storyboard */,
				876C088B206BFF5500974FF2 /* Assets.xcassets */,
				876C088D206BFF5500974FF2 /* LaunchScreen.storyboard */,
				876C0890206BFF5500974FF2 /* Info.plist */,
			);
			path = SpacePhoto;
			sourceTree = "<group>";
		};
		87F1DC66206D02C9007170B5 /* Model */ = {
			isa = PBXGroup;
			children = (
				876C0896206CED7900974FF2 /* PhotoInfo.swift */,
			);
			path = Model;
			sourceTree = "<group>";
		};
		87F1DC67206D02E5007170B5 /* Controller */ = {
			isa = PBXGroup;
			children = (
				876C0886206BFF5500974FF2 /* ViewController.swift */,
			);
			path = Controller;
			sourceTree = "<group>";
		};
		87F1DC68206D0310007170B5 /* Utility */ = {
			isa = PBXGroup;
			children = (
				876C0898206CFC2200974FF2 /* URL+Helpers.swift */,
			);
			path = Utility;
			sourceTree = "<group>";
		};
		87F1DC6B206D136F007170B5 /* Service */ = {
			isa = PBXGroup;
			children = (
				87F1DC69206D0376007170B5 /* PhotoInfoController.swift */,
			);
			path = Service;
			sourceTree = "<group>";
		};
/* End PBXGroup section */

/* Begin PBXNativeTarget section */
		876C0880206BFF5500974FF2 /* SpacePhoto */ = {
			isa = PBXNativeTarget;
			buildConfigurationList = 876C0893206BFF5500974FF2 /* Build configuration list for PBXNativeTarget "SpacePhoto" */;
			buildPhases = (
				876C087D206BFF5500974FF2 /* Sources */,
				876C087E206BFF5500974FF2 /* Frameworks */,
				876C087F206BFF5500974FF2 /* Resources */,
			);
			buildRules = (
			);
			dependencies = (
			);
			name = SpacePhoto;
			productName = SpacePhoto;
			productReference = 876C0881206BFF5500974FF2 /* SpacePhoto.app */;
			productType = "com.apple.product-type.application";
		};
/* End PBXNativeTarget section */

/* Begin PBXProject section */
		876C0879206BFF5500974FF2 /* Project object */ = {
			isa = PBXProject;
			attributes = {
				LastSwiftUpdateCheck = 0920;
				LastUpgradeCheck = 0920;
				ORGANIZATIONNAME = "Ruslan Akberov";
				TargetAttributes = {
					876C0880206BFF5500974FF2 = {
						CreatedOnToolsVersion = 9.2;
						ProvisioningStyle = Automatic;
					};
				};
			};
			buildConfigurationList = 876C087C206BFF5500974FF2 /* Build configuration list for PBXProject "SpacePhoto" */;
			compatibilityVersion = "Xcode 8.0";
			developmentRegion = en;
			hasScannedForEncodings = 0;
			knownRegions = (
				en,
				Base,
			);
			mainGroup = 876C0878206BFF5500974FF2;
			productRefGroup = 876C0882206BFF5500974FF2 /* Products */;
			projectDirPath = "";
			projectRoot = "";
			targets = (
				876C0880206BFF5500974FF2 /* SpacePhoto */,
			);
		};
/* End PBXProject section */

/* Begin PBXResourcesBuildPhase section */
		876C087F206BFF5500974FF2 /* Resources */ = {
			isa = PBXResourcesBuildPhase;
			buildActionMask = 2147483647;
			files = (
				876C088F206BFF5500974FF2 /* LaunchScreen.storyboard in Resources */,
				876C088C206BFF5500974FF2 /* Assets.xcassets in Resources */,
				876C088A206BFF5500974FF2 /* Main.storyboard in Resources */,
			);
			runOnlyForDeploymentPostprocessing = 0;
		};
/* End PBXResourcesBuildPhase section */

/* Begin PBXSourcesBuildPhase section */
		876C087D206BFF5500974FF2 /* Sources */ = {
			isa = PBXSourcesBuildPhase;
			buildActionMask = 2147483647;
			files = (
				876C0897206CED7900974FF2 /* PhotoInfo.swift in Sources */,
				87F1DC6A206D0376007170B5 /* PhotoInfoController.swift in Sources */,
				876C0899206CFC2200974FF2 /* URL+Helpers.swift in Sources */,
				876C0887206BFF5500974FF2 /* ViewController.swift in Sources */,
				876C0885206BFF5500974FF2 /* AppDelegate.swift in Sources */,
			);
			runOnlyForDeploymentPostprocessing = 0;
		};
/* End PBXSourcesBuildPhase section */

/* Begin PBXVariantGroup section */
		876C0888206BFF5500974FF2 /* Main.storyboard */ = {
			isa = PBXVariantGroup;
			children = (
				876C0889206BFF5500974FF2 /* Base */,
			);
			name = Main.storyboard;
			sourceTree = "<group>";
		};
		876C088D206BFF5500974FF2 /* LaunchScreen.storyboard */ = {
			isa = PBXVariantGroup;
			children = (
				876C088E206BFF5500974FF2 /* Base */,
			);
			name = LaunchScreen.storyboard;
			sourceTree = "<group>";
		};
/* End PBXVariantGroup section */

/* Begin XCBuildConfiguration section */
		876C0891206BFF5500974FF2 /* Debug */ = {
			isa = XCBuildConfiguration;
			buildSettings = {
				ALWAYS_SEARCH_USER_PATHS = NO;
				CLANG_ANALYZER_NONNULL = YES;
				CLANG_ANALYZER_NUMBER_OBJECT_CONVERSION = YES_AGGRESSIVE;
				CLANG_CXX_LANGUAGE_STANDARD = "gnu++14";
				CLANG_CXX_LIBRARY = "libc++";
				CLANG_ENABLE_MODULES = YES;
				CLANG_ENABLE_OBJC_ARC = YES;
				CLANG_WARN_BLOCK_CAPTURE_AUTORELEASING = YES;
				CLANG_WARN_BOOL_CONVERSION = YES;
				CLANG_WARN_COMMA = YES;
				CLANG_WARN_CONSTANT_CONVERSION = YES;
				CLANG_WARN_DIRECT_OBJC_ISA_USAGE = YES_ERROR;
				CLANG_WARN_DOCUMENTATION_COMMENTS = YES;
				CLANG_WARN_EMPTY_BODY = YES;
				CLANG_WARN_ENUM_CONVERSION = YES;
				CLANG_WARN_INFINITE_RECURSION = YES;
				CLANG_WARN_INT_CONVERSION = YES;
				CLANG_WARN_NON_LITERAL_NULL_CONVERSION = YES;
				CLANG_WARN_OBJC_LITERAL_CONVERSION = YES;
				CLANG_WARN_OBJC_ROOT_CLASS = YES_ERROR;
				CLANG_WARN_RANGE_LOOP_ANALYSIS = YES;
				CLANG_WARN_STRICT_PROTOTYPES = YES;
				CLANG_WARN_SUSPICIOUS_MOVE = YES;
				CLANG_WARN_UNGUARDED_AVAILABILITY = YES_AGGRESSIVE;
				CLANG_WARN_UNREACHABLE_CODE = YES;
				CLANG_WARN__DUPLICATE_METHOD_MATCH = YES;
				CODE_SIGN_IDENTITY = "iPhone Developer";
				COPY_PHASE_STRIP = NO;
				DEBUG_INFORMATION_FORMAT = dwarf;
				ENABLE_STRICT_OBJC_MSGSEND = YES;
				ENABLE_TESTABILITY = YES;
				GCC_C_LANGUAGE_STANDARD = gnu11;
				GCC_DYNAMIC_NO_PIC = NO;
				GCC_NO_COMMON_BLOCKS = YES;
				GCC_OPTIMIZATION_LEVEL = 0;
				GCC_PREPROCESSOR_DEFINITIONS = (
					"DEBUG=1",
					"$(inherited)",
				);
				GCC_WARN_64_TO_32_BIT_CONVERSION = YES;
				GCC_WARN_ABOUT_RETURN_TYPE = YES_ERROR;
				GCC_WARN_UNDECLARED_SELECTOR = YES;
				GCC_WARN_UNINITIALIZED_AUTOS = YES_AGGRESSIVE;
				GCC_WARN_UNUSED_FUNCTION = YES;
				GCC_WARN_UNUSED_VARIABLE = YES;
				IPHONEOS_DEPLOYMENT_TARGET = 11.2;
				MTL_ENABLE_DEBUG_INFO = YES;
				ONLY_ACTIVE_ARCH = YES;
				SDKROOT = iphoneos;
				SWIFT_ACTIVE_COMPILATION_CONDITIONS = DEBUG;
				SWIFT_OPTIMIZATION_LEVEL = "-Onone";
			};
			name = Debug;
		};
		876C0892206BFF5500974FF2 /* Release */ = {
			isa = XCBuildConfiguration;
			buildSettings = {
				ALWAYS_SEARCH_USER_PATHS = NO;
				CLANG_ANALYZER_NONNULL = YES;
				CLANG_ANALYZER_NUMBER_OBJECT_CONVERSION = YES_AGGRESSIVE;
				CLANG_CXX_LANGUAGE_STANDARD = "gnu++14";
				CLANG_CXX_LIBRARY = "libc++";
				CLANG_ENABLE_MODULES = YES;
				CLANG_ENABLE_OBJC_ARC = YES;
				CLANG_WARN_BLOCK_CAPTURE_AUTORELEASING = YES;
				CLANG_WARN_BOOL_CONVERSION = YES;
				CLANG_WARN_COMMA = YES;
				CLANG_WARN_CONSTANT_CONVERSION = YES;
				CLANG_WARN_DIRECT_OBJC_ISA_USAGE = YES_ERROR;
				CLANG_WARN_DOCUMENTATION_COMMENTS = YES;
				CLANG_WARN_EMPTY_BODY = YES;
				CLANG_WARN_ENUM_CONVERSION = YES;
				CLANG_WARN_INFINITE_RECURSION = YES;
				CLANG_WARN_INT_CONVERSION = YES;
				CLANG_WARN_NON_LITERAL_NULL_CONVERSION = YES;
				CLANG_WARN_OBJC_LITERAL_CONVERSION = YES;
				CLANG_WARN_OBJC_ROOT_CLASS = YES_ERROR;
				CLANG_WARN_RANGE_LOOP_ANALYSIS = YES;
				CLANG_WARN_STRICT_PROTOTYPES = YES;
				CLANG_WARN_SUSPICIOUS_MOVE = YES;
				CLANG_WARN_UNGUARDED_AVAILABILITY = YES_AGGRESSIVE;
				CLANG_WARN_UNREACHABLE_CODE = YES;
				CLANG_WARN__DUPLICATE_METHOD_MATCH = YES;
				CODE_SIGN_IDENTITY = "iPhone Developer";
				COPY_PHASE_STRIP = NO;
				DEBUG_INFORMATION_FORMAT = "dwarf-with-dsym";
				ENABLE_NS_ASSERTIONS = NO;
				ENABLE_STRICT_OBJC_MSGSEND = YES;
				GCC_C_LANGUAGE_STANDARD = gnu11;
				GCC_NO_COMMON_BLOCKS = YES;
				GCC_WARN_64_TO_32_BIT_CONVERSION = YES;
				GCC_WARN_ABOUT_RETURN_TYPE = YES_ERROR;
				GCC_WARN_UNDECLARED_SELECTOR = YES;
				GCC_WARN_UNINITIALIZED_AUTOS = YES_AGGRESSIVE;
				GCC_WARN_UNUSED_FUNCTION = YES;
				GCC_WARN_UNUSED_VARIABLE = YES;
				IPHONEOS_DEPLOYMENT_TARGET = 11.2;
				MTL_ENABLE_DEBUG_INFO = NO;
				SDKROOT = iphoneos;
				SWIFT_OPTIMIZATION_LEVEL = "-Owholemodule";
				VALIDATE_PRODUCT = YES;
			};
			name = Release;
		};
		876C0894206BFF5500974FF2 /* Debug */ = {
			isa = XCBuildConfiguration;
			buildSettings = {
				ASSETCATALOG_COMPILER_APPICON_NAME = AppIcon;
				CODE_SIGN_STYLE = Automatic;
				DEVELOPMENT_TEAM = JMYF9P9VY4;
				INFOPLIST_FILE = SpacePhoto/Info.plist;
				LD_RUNPATH_SEARCH_PATHS = "$(inherited) @executable_path/Frameworks";
				PRODUCT_BUNDLE_IDENTIFIER = com.akberovapps.SpacePhoto;
				PRODUCT_NAME = "$(TARGET_NAME)";
				SWIFT_VERSION = 4.0;
				TARGETED_DEVICE_FAMILY = "1,2";
			};
			name = Debug;
		};
		876C0895206BFF5500974FF2 /* Release */ = {
			isa = XCBuildConfiguration;
			buildSettings = {
				ASSETCATALOG_COMPILER_APPICON_NAME = AppIcon;
				CODE_SIGN_STYLE = Automatic;
				DEVELOPMENT_TEAM = JMYF9P9VY4;
				INFOPLIST_FILE = SpacePhoto/Info.plist;
				LD_RUNPATH_SEARCH_PATHS = "$(inherited) @executable_path/Frameworks";
				PRODUCT_BUNDLE_IDENTIFIER = com.akberovapps.SpacePhoto;
				PRODUCT_NAME = "$(TARGET_NAME)";
				SWIFT_VERSION = 4.0;
				TARGETED_DEVICE_FAMILY = "1,2";
			};
			name = Release;
		};
/* End XCBuildConfiguration section */

/* Begin XCConfigurationList section */
		876C087C206BFF5500974FF2 /* Build configuration list for PBXProject "SpacePhoto" */ = {
			isa = XCConfigurationList;
			buildConfigurations = (
				876C0891206BFF5500974FF2 /* Debug */,
				876C0892206BFF5500974FF2 /* Release */,
			);
			defaultConfigurationIsVisible = 0;
			defaultConfigurationName = Release;
		};
		876C0893206BFF5500974FF2 /* Build configuration list for PBXNativeTarget "SpacePhoto" */ = {
			isa = XCConfigurationList;
			buildConfigurations = (
				876C0894206BFF5500974FF2 /* Debug */,
				876C0895206BFF5500974FF2 /* Release */,
			);
			defaultConfigurationIsVisible = 0;
			defaultConfigurationName = Release;
		};
/* End XCConfigurationList section */
	};
	rootObject = 876C0879206BFF5500974FF2 /* Project object */;
}
